
Microsoft Visual Studio Solution File, Format Version 12.00
# Visual Studio Version 16
VisualStudioVersion = 16.0.30907.101
MinimumVisualStudioVersion = 10.0.40219.1
Project("{9A19103F-16F7-4668-BE54-9A1E7A4F7556}") = "Entities", "Entities\Entities.csproj", "{2FF9E798-8C1E-4762-B596-71DEEA0A1749}"
EndProject
Project("{9A19103F-16F7-4668-BE54-9A1E7A4F7556}") = "DataAccess", "DataAccess\DataAccess.csproj", "{7BCE9344-1942-4338-BA89-EAFCC2ECD38D}"
EndProject
Project("{9A19103F-16F7-4668-BE54-9A1E7A4F7556}") = "Business", "Business\Business.csproj", "{C6C822DE-868C-4736-8E80-5260C192D7B9}"
EndProject
Project("{9A19103F-16F7-4668-BE54-9A1E7A4F7556}") = "ConsoleUI", "ConsoleUI\ConsoleUI.csproj", "{270B95FA-1AEB-4E1E-8F10-ED0DCA4BB545}"
EndProject
Project("{9A19103F-16F7-4668-BE54-9A1E7A4F7556}") = "Core", "Core\Core.csproj", "{C85E5915-E746-4F8B-872C-E0119D1BF5C0}"
EndProject
Project("{9A19103F-16F7-4668-BE54-9A1E7A4F7556}") = "WebAPI", "WebAPI\WebAPI.csproj", "{97D248B1-AED1-4744-A14F-FE588F329CF2}"
EndProject
Global
	GlobalSection(SolutionConfigurationPlatforms) = preSolution
		Debug|Any CPU = Debug|Any CPU
		Release|Any CPU = Release|Any CPU
	EndGlobalSection
	GlobalSection(ProjectConfigurationPlatforms) = postSolution
		{2FF9E798-8C1E-4762-B596-71DEEA0A1749}.Debug|Any CPU.ActiveCfg = Debug|Any CPU
		{2FF9E798-8C1E-4762-B596-71DEEA0A1749}.Debug|Any CPU.Build.0 = Debug|Any CPU
		{2FF9E798-8C1E-4762-B596-71DEEA0A1749}.Release|Any CPU.ActiveCfg = Release|Any CPU
		{2FF9E798-8C1E-4762-B596-71DEEA0A1749}.Release|Any CPU.Build.0 = Release|Any CPU
		{7BCE9344-1942-4338-BA89-EAFCC2ECD38D}.Debug|Any CPU.ActiveCfg = Debug|Any CPU
		{7BCE9344-1942-4338-BA89-EAFCC2ECD38D}.Debug|Any CPU.Build.0 = Debug|Any CPU
		{7BCE9344-1942-4338-BA89-EAFCC2ECD38D}.Release|Any CPU.ActiveCfg = Release|Any CPU
		{7BCE9344-1942-4338-BA89-EAFCC2ECD38D}.Release|Any CPU.Build.0 = Release|Any CPU
		{C6C822DE-868C-4736-8E80-5260C192D7B9}.Debug|Any CPU.ActiveCfg = Debug|Any CPU
		{C6C822DE-868C-4736-8E80-5260C192D7B9}.Debug|Any CPU.Build.0 = Debug|Any CPU
		{C6C822DE-868C-4736-8E80-5260C192D7B9}.Release|Any CPU.ActiveCfg = Release|Any CPU
		{C6C822DE-868C-4736-8E80-5260C192D7B9}.Release|Any CPU.Build.0 = Release|Any CPU
		{270B95FA-1AEB-4E1E-8F10-ED0DCA4BB545}.Debug|Any CPU.ActiveCfg = Debug|Any CPU
		{270B95FA-1AEB-4E1E-8F10-ED0DCA4BB545}.Debug|Any CPU.Build.0 = Debug|Any CPU
		{270B95FA-1AEB-4E1E-8F10-ED0DCA4BB545}.Release|Any CPU.ActiveCfg = Release|Any CPU
		{270B95FA-1AEB-4E1E-8F10-ED0DCA4BB545}.Release|Any CPU.Build.0 = Release|Any CPU
		{C85E5915-E746-4F8B-872C-E0119D1BF5C0}.Debug|Any CPU.ActiveCfg = Debug|Any CPU
		{C85E5915-E746-4F8B-872C-E0119D1BF5C0}.Debug|Any CPU.Build.0 = Debug|Any CPU
		{C85E5915-E746-4F8B-872C-E0119D1BF5C0}.Release|Any CPU.ActiveCfg = Release|Any CPU
		{C85E5915-E746-4F8B-872C-E0119D1BF5C0}.Release|Any CPU.Build.0 = Release|Any CPU
		{97D248B1-AED1-4744-A14F-FE588F329CF2}.Debug|Any CPU.ActiveCfg = Debug|Any CPU
		{97D248B1-AED1-4744-A14F-FE588F329CF2}.Debug|Any CPU.Build.0 = Debug|Any CPU
		{97D248B1-AED1-4744-A14F-FE588F329CF2}.Release|Any CPU.ActiveCfg = Release|Any CPU
		{97D248B1-AED1-4744-A14F-FE588F329CF2}.Release|Any CPU.Build.0 = Release|Any CPU
	EndGlobalSection
	GlobalSection(SolutionProperties) = preSolution
		HideSolutionNode = FALSE
	EndGlobalSection
	GlobalSection(ExtensibilityGlobals) = postSolution
		SolutionGuid = {09D1010D-3063-405E-BB16-4E726C590B3E}
	EndGlobalSection
EndGlobal
